
Microsoft Visual Studio Solution File, Format Version 12.00
# Visual Studio Version 17
VisualStudioVersion = 17.5.002.0
MinimumVisualStudioVersion = 10.0.40219.1
Project("{9A19103F-16F7-4668-BE54-9A1E7A4F7556}") = "aspnetcoreapp", "aspnetcoreapp.csproj", "{34DE7929-A32C-4B81-AAF2-D4DF67505B3E}"
EndProject
Global
	GlobalSection(SolutionConfigurationPlatforms) = preSolution
		Debug|Any CPU = Debug|Any CPU
		Release|Any CPU = Release|Any CPU
	EndGlobalSection
	GlobalSection(ProjectConfigurationPlatforms) = postSolution
		{34DE7929-A32C-4B81-AAF2-D4DF67505B3E}.Debug|Any CPU.ActiveCfg = Debug|Any CPU
		{34DE7929-A32C-4B81-AAF2-D4DF67505B3E}.Debug|Any CPU.Build.0 = Debug|Any CPU
		{34DE7929-A32C-4B81-AAF2-D4DF67505B3E}.Release|Any CPU.ActiveCfg = Release|Any CPU
		{34DE7929-A32C-4B81-AAF2-D4DF67505B3E}.Release|Any CPU.Build.0 = Release|Any CPU
	EndGlobalSection
	GlobalSection(SolutionProperties) = preSolution
		HideSolutionNode = FALSE
	EndGlobalSection
	GlobalSection(ExtensibilityGlobals) = postSolution
		SolutionGuid = {983CF15E-4FA2-4D42-B532-109898D23DE3}
	EndGlobalSection
EndGlobal
